
Microsoft Visual Studio Solution File, Format Version 12.00
Project("{FAE04EC0-301F-11D3-BF4B-00C04F79EFBC}") = "csharp_begin", "csharp_begin\csharp_begin.csproj", "{970CEA22-4EB6-4663-8852-775553536CE0}"
EndProject
Project("{FAE04EC0-301F-11D3-BF4B-00C04F79EFBC}") = "Test1", "Test1\Test1.csproj", "{9994F2BA-7A06-4572-BFB3-F88E5B058449}"
EndProject
Global
	GlobalSection(SolutionConfigurationPlatforms) = preSolution
		Debug|Any CPU = Debug|Any CPU
		Release|Any CPU = Release|Any CPU
	EndGlobalSection
	GlobalSection(ProjectConfigurationPlatforms) = postSolution
		{970CEA22-4EB6-4663-8852-775553536CE0}.Debug|Any CPU.ActiveCfg = Debug|Any CPU
		{970CEA22-4EB6-4663-8852-775553536CE0}.Debug|Any CPU.Build.0 = Debug|Any CPU
		{970CEA22-4EB6-4663-8852-775553536CE0}.Release|Any CPU.ActiveCfg = Release|Any CPU
		{970CEA22-4EB6-4663-8852-775553536CE0}.Release|Any CPU.Build.0 = Release|Any CPU
		{9994F2BA-7A06-4572-BFB3-F88E5B058449}.Debug|Any CPU.ActiveCfg = Debug|Any CPU
		{9994F2BA-7A06-4572-BFB3-F88E5B058449}.Debug|Any CPU.Build.0 = Debug|Any CPU
		{9994F2BA-7A06-4572-BFB3-F88E5B058449}.Release|Any CPU.ActiveCfg = Release|Any CPU
		{9994F2BA-7A06-4572-BFB3-F88E5B058449}.Release|Any CPU.Build.0 = Release|Any CPU
	EndGlobalSection
EndGlobal
